
Microsoft Visual Studio Solution File, Format Version 12.00
# Visual Studio Version 16
VisualStudioVersion = 16.0.30011.22
MinimumVisualStudioVersion = 10.0.40219.1
Project("{888888A0-9F3D-457C-B088-3A5042F75D52}") = "cewe2pdf", "cewe2pdf.pyproj", "{261B8FB1-634C-480E-B162-8B5B56D18330}"
EndProject
Global
	GlobalSection(SolutionConfigurationPlatforms) = preSolution
		Debug|Any CPU = Debug|Any CPU
		Release|Any CPU = Release|Any CPU
	EndGlobalSection
	GlobalSection(ProjectConfigurationPlatforms) = postSolution
		{261B8FB1-634C-480E-B162-8B5B56D18330}.Debug|Any CPU.ActiveCfg = Debug|Any CPU
		{261B8FB1-634C-480E-B162-8B5B56D18330}.Release|Any CPU.ActiveCfg = Release|Any CPU
	EndGlobalSection
	GlobalSection(SolutionProperties) = preSolution
		HideSolutionNode = FALSE
	EndGlobalSection
	GlobalSection(ExtensibilityGlobals) = postSolution
		SolutionGuid = {CD9A07AE-B430-401F-BFF0-566A8A59915C}
	EndGlobalSection
EndGlobal
